# THIS IS AN AUTOGENERATED FILE. DO NOT EDIT THIS FILE DIRECTLY.
# yarn lockfile v1


recurly@^3.15.0:
  version "3.15.0"
  resolved "https://registry.yarnpkg.com/recurly/-/recurly-3.15.0.tgz#561ab7209b48e178506e3662981848ce16d08f5d"
  integrity sha512-b4RFJwoLM7n7UmbJuNZ9dafsOlLDavSYzcL7sNqNfSzu1bmsjv7hLBhIlP8Pf8sHVqxAzCwjSU2MME5nqBA+XQ==

typescript@^4.0.5:
  version "4.0.5"
  resolved "https://registry.yarnpkg.com/typescript/-/typescript-4.0.5.tgz#ae9dddfd1069f1cb5beb3ef3b2170dd7c1332389"
  integrity sha512-ywmr/VrTVCmNTJ6iV2LwIrfG1P+lv6luD8sUJs+2eI9NLGigaN+nUQc13iHqisq7bra9lnmUSYqbJvegraBOPQ==
